// !$*UTF8*$!
{
	archiveVersion = 1;
	classes = {
	};
	objectVersion = 50;
	objects = {

/* Begin PBXBuildFile section */
		CF179DC325B4EE0A00136C49 /* AppDelegate.swift in Sources */ = {isa = PBXBuildFile; fileRef = CF179DC225B4EE0A00136C49 /* AppDelegate.swift */; };
		CF179DC525B4EE0A00136C49 /* SceneDelegate.swift in Sources */ = {isa = PBXBuildFile; fileRef = CF179DC425B4EE0A00136C49 /* SceneDelegate.swift */; };
		CF179DCC25B4EE0C00136C49 /* Assets.xcassets in Resources */ = {isa = PBXBuildFile; fileRef = CF179DCB25B4EE0C00136C49 /* Assets.xcassets */; };
		CF179DCF25B4EE0C00136C49 /* LaunchScreen.storyboard in Resources */ = {isa = PBXBuildFile; fileRef = CF179DCD25B4EE0C00136C49 /* LaunchScreen.storyboard */; };
		CF179DDC25B4F48500136C49 /* SearchViewController.swift in Sources */ = {isa = PBXBuildFile; fileRef = CF179DDB25B4F48500136C49 /* SearchViewController.swift */; };
		CF179DDF25B4F4C100136C49 /* FavoritesListViewController.swift in Sources */ = {isa = PBXBuildFile; fileRef = CF179DDE25B4F4C100136C49 /* FavoritesListViewController.swift */; };
		CF179DE325B4FEEF00136C49 /* GFButton.swift in Sources */ = {isa = PBXBuildFile; fileRef = CF179DE225B4FEEF00136C49 /* GFButton.swift */; };
		CF179DE825B5169E00136C49 /* GFTextField.swift in Sources */ = {isa = PBXBuildFile; fileRef = CF179DE725B5169E00136C49 /* GFTextField.swift */; };
		CF179DEB25B5234400136C49 /* FollowerListViewController.swift in Sources */ = {isa = PBXBuildFile; fileRef = CF179DEA25B5234400136C49 /* FollowerListViewController.swift */; };
		CF179DEF25B527D200136C49 /* String+Ext.swift in Sources */ = {isa = PBXBuildFile; fileRef = CF179DEE25B527D200136C49 /* String+Ext.swift */; };
		CF179DF225B5299800136C49 /* GFTitleLabel.swift in Sources */ = {isa = PBXBuildFile; fileRef = CF179DF125B5299800136C49 /* GFTitleLabel.swift */; };
		CF179DF525B52B3500136C49 /* GFBodyLabel.swift in Sources */ = {isa = PBXBuildFile; fileRef = CF179DF425B52B3500136C49 /* GFBodyLabel.swift */; };
		CF179DF825B52BFF00136C49 /* GFAlertViewController.swift in Sources */ = {isa = PBXBuildFile; fileRef = CF179DF725B52BFF00136C49 /* GFAlertViewController.swift */; };
		CF179DFB25B52F2000136C49 /* GFAlertContainerView.swift in Sources */ = {isa = PBXBuildFile; fileRef = CF179DFA25B52F2000136C49 /* GFAlertContainerView.swift */; };
		CF179DFF25B5345100136C49 /* UIViewController+Ext.swift in Sources */ = {isa = PBXBuildFile; fileRef = CF179DFE25B5345100136C49 /* UIViewController+Ext.swift */; };
		CF5482BB25BA167D007B9DFF /* Date+Ext.swift in Sources */ = {isa = PBXBuildFile; fileRef = CF5482BA25BA167D007B9DFF /* Date+Ext.swift */; };
		CF5482BE25BB9E62007B9DFF /* PersistenceManager.swift in Sources */ = {isa = PBXBuildFile; fileRef = CF5482BD25BB9E62007B9DFF /* PersistenceManager.swift */; };
		CF5482C125BBA80D007B9DFF /* FavoriteCell.swift in Sources */ = {isa = PBXBuildFile; fileRef = CF5482C025BBA80D007B9DFF /* FavoriteCell.swift */; };
		CF6E458425B686DA002108B3 /* UIHelper.swift in Sources */ = {isa = PBXBuildFile; fileRef = CF6E458325B686DA002108B3 /* UIHelper.swift */; };
		CF6E458C25B76805002108B3 /* GFEmptyStateView.swift in Sources */ = {isa = PBXBuildFile; fileRef = CF6E458B25B76805002108B3 /* GFEmptyStateView.swift */; };
		CF6E459125B77269002108B3 /* UserInfoViewController.swift in Sources */ = {isa = PBXBuildFile; fileRef = CF6E459025B77269002108B3 /* UserInfoViewController.swift */; };
		CF7FC99F25B8C93900F779AD /* GFUserInfoHeaderViewController.swift in Sources */ = {isa = PBXBuildFile; fileRef = CF7FC99E25B8C93900F779AD /* GFUserInfoHeaderViewController.swift */; };
		CF7FC9A225B8C98400F779AD /* GFSecondaryTitleLabel.swift in Sources */ = {isa = PBXBuildFile; fileRef = CF7FC9A125B8C98400F779AD /* GFSecondaryTitleLabel.swift */; };
		CF7FC9A525B8D42300F779AD /* Constants.swift in Sources */ = {isa = PBXBuildFile; fileRef = CF7FC9A425B8D42300F779AD /* Constants.swift */; };
		CF7FC9A925B8E71B00F779AD /* GFItemInfoView.swift in Sources */ = {isa = PBXBuildFile; fileRef = CF7FC9A825B8E71B00F779AD /* GFItemInfoView.swift */; };
		CF7FC9AC25B8EB7C00F779AD /* AutolayoutWrapper.swift in Sources */ = {isa = PBXBuildFile; fileRef = CF7FC9AB25B8EB7C00F779AD /* AutolayoutWrapper.swift */; };
		CF7FC9AF25BA0B4400F779AD /* GFItemInfoViewController.swift in Sources */ = {isa = PBXBuildFile; fileRef = CF7FC9AE25BA0B4400F779AD /* GFItemInfoViewController.swift */; };
		CF7FC9B225BA0E0100F779AD /* GFRepoItemViewController.swift in Sources */ = {isa = PBXBuildFile; fileRef = CF7FC9B125BA0E0100F779AD /* GFRepoItemViewController.swift */; };
		CF7FC9B525BA103900F779AD /* GFFollowerItemViewController.swift in Sources */ = {isa = PBXBuildFile; fileRef = CF7FC9B425BA103900F779AD /* GFFollowerItemViewController.swift */; };
		CFB51EFC25B6090400A757EF /* Follower.swift in Sources */ = {isa = PBXBuildFile; fileRef = CFB51EFB25B6090400A757EF /* Follower.swift */; };
		CFB51F0025B609E400A757EF /* User.swift in Sources */ = {isa = PBXBuildFile; fileRef = CFB51EFF25B609E400A757EF /* User.swift */; };
		CFB51F0425B62C1B00A757EF /* NetworkManager.swift in Sources */ = {isa = PBXBuildFile; fileRef = CFB51F0325B62C1B00A757EF /* NetworkManager.swift */; };
		CFB51F0A25B63C6800A757EF /* GFError.swift in Sources */ = {isa = PBXBuildFile; fileRef = CFB51F0925B63C6800A757EF /* GFError.swift */; };
		CFB51F0F25B63EEC00A757EF /* FollowerCell.swift in Sources */ = {isa = PBXBuildFile; fileRef = CFB51F0E25B63EEC00A757EF /* FollowerCell.swift */; };
		CFB51F1225B63F6900A757EF /* GFAvatarImageView.swift in Sources */ = {isa = PBXBuildFile; fileRef = CFB51F1125B63F6900A757EF /* GFAvatarImageView.swift */; };
/* End PBXBuildFile section */

/* Begin PBXFileReference section */
		CF179DBF25B4EE0A00136C49 /* GHFollowers.app */ = {isa = PBXFileReference; explicitFileType = wrapper.application; includeInIndex = 0; path = GHFollowers.app; sourceTree = BUILT_PRODUCTS_DIR; };
		CF179DC225B4EE0A00136C49 /* AppDelegate.swift */ = {isa = PBXFileReference; lastKnownFileType = sourcecode.swift; path = AppDelegate.swift; sourceTree = "<group>"; };
		CF179DC425B4EE0A00136C49 /* SceneDelegate.swift */ = {isa = PBXFileReference; lastKnownFileType = sourcecode.swift; path = SceneDelegate.swift; sourceTree = "<group>"; };
		CF179DCB25B4EE0C00136C49 /* Assets.xcassets */ = {isa = PBXFileReference; lastKnownFileType = folder.assetcatalog; path = Assets.xcassets; sourceTree = "<group>"; };
		CF179DCE25B4EE0C00136C49 /* Base */ = {isa = PBXFileReference; lastKnownFileType = file.storyboard; name = Base; path = Base.lproj/LaunchScreen.storyboard; sourceTree = "<group>"; };
		CF179DD025B4EE0C00136C49 /* Info.plist */ = {isa = PBXFileReference; lastKnownFileType = text.plist.xml; path = Info.plist; sourceTree = "<group>"; };
		CF179DDB25B4F48500136C49 /* SearchViewController.swift */ = {isa = PBXFileReference; lastKnownFileType = sourcecode.swift; path = SearchViewController.swift; sourceTree = "<group>"; };
		CF179DDE25B4F4C100136C49 /* FavoritesListViewController.swift */ = {isa = PBXFileReference; lastKnownFileType = sourcecode.swift; path = FavoritesListViewController.swift; sourceTree = "<group>"; };
		CF179DE225B4FEEF00136C49 /* GFButton.swift */ = {isa = PBXFileReference; lastKnownFileType = sourcecode.swift; path = GFButton.swift; sourceTree = "<group>"; };
		CF179DE725B5169E00136C49 /* GFTextField.swift */ = {isa = PBXFileReference; lastKnownFileType = sourcecode.swift; path = GFTextField.swift; sourceTree = "<group>"; };
		CF179DEA25B5234400136C49 /* FollowerListViewController.swift */ = {isa = PBXFileReference; lastKnownFileType = sourcecode.swift; path = FollowerListViewController.swift; sourceTree = "<group>"; };
		CF179DEE25B527D200136C49 /* String+Ext.swift */ = {isa = PBXFileReference; fileEncoding = 4; lastKnownFileType = sourcecode.swift; path = "String+Ext.swift"; sourceTree = "<group>"; };
		CF179DF125B5299800136C49 /* GFTitleLabel.swift */ = {isa = PBXFileReference; lastKnownFileType = sourcecode.swift; path = GFTitleLabel.swift; sourceTree = "<group>"; };
		CF179DF425B52B3500136C49 /* GFBodyLabel.swift */ = {isa = PBXFileReference; lastKnownFileType = sourcecode.swift; path = GFBodyLabel.swift; sourceTree = "<group>"; };
		CF179DF725B52BFF00136C49 /* GFAlertViewController.swift */ = {isa = PBXFileReference; lastKnownFileType = sourcecode.swift; path = GFAlertViewController.swift; sourceTree = "<group>"; };
		CF179DFA25B52F2000136C49 /* GFAlertContainerView.swift */ = {isa = PBXFileReference; lastKnownFileType = sourcecode.swift; path = GFAlertContainerView.swift; sourceTree = "<group>"; };
		CF179DFE25B5345100136C49 /* UIViewController+Ext.swift */ = {isa = PBXFileReference; lastKnownFileType = sourcecode.swift; path = "UIViewController+Ext.swift"; sourceTree = "<group>"; };
		CF5482BA25BA167D007B9DFF /* Date+Ext.swift */ = {isa = PBXFileReference; lastKnownFileType = sourcecode.swift; path = "Date+Ext.swift"; sourceTree = "<group>"; };
		CF5482BD25BB9E62007B9DFF /* PersistenceManager.swift */ = {isa = PBXFileReference; lastKnownFileType = sourcecode.swift; path = PersistenceManager.swift; sourceTree = "<group>"; };
		CF5482C025BBA80D007B9DFF /* FavoriteCell.swift */ = {isa = PBXFileReference; lastKnownFileType = sourcecode.swift; path = FavoriteCell.swift; sourceTree = "<group>"; };
		CF6E458325B686DA002108B3 /* UIHelper.swift */ = {isa = PBXFileReference; lastKnownFileType = sourcecode.swift; path = UIHelper.swift; sourceTree = "<group>"; };
		CF6E458B25B76805002108B3 /* GFEmptyStateView.swift */ = {isa = PBXFileReference; lastKnownFileType = sourcecode.swift; path = GFEmptyStateView.swift; sourceTree = "<group>"; };
		CF6E459025B77269002108B3 /* UserInfoViewController.swift */ = {isa = PBXFileReference; lastKnownFileType = sourcecode.swift; path = UserInfoViewController.swift; sourceTree = "<group>"; };
		CF7FC99E25B8C93900F779AD /* GFUserInfoHeaderViewController.swift */ = {isa = PBXFileReference; lastKnownFileType = sourcecode.swift; path = GFUserInfoHeaderViewController.swift; sourceTree = "<group>"; };
		CF7FC9A125B8C98400F779AD /* GFSecondaryTitleLabel.swift */ = {isa = PBXFileReference; lastKnownFileType = sourcecode.swift; path = GFSecondaryTitleLabel.swift; sourceTree = "<group>"; };
		CF7FC9A425B8D42300F779AD /* Constants.swift */ = {isa = PBXFileReference; lastKnownFileType = sourcecode.swift; path = Constants.swift; sourceTree = "<group>"; };
		CF7FC9A825B8E71B00F779AD /* GFItemInfoView.swift */ = {isa = PBXFileReference; lastKnownFileType = sourcecode.swift; path = GFItemInfoView.swift; sourceTree = "<group>"; };
		CF7FC9AB25B8EB7C00F779AD /* AutolayoutWrapper.swift */ = {isa = PBXFileReference; lastKnownFileType = sourcecode.swift; path = AutolayoutWrapper.swift; sourceTree = "<group>"; };
		CF7FC9AE25BA0B4400F779AD /* GFItemInfoViewController.swift */ = {isa = PBXFileReference; lastKnownFileType = sourcecode.swift; path = GFItemInfoViewController.swift; sourceTree = "<group>"; };
		CF7FC9B125BA0E0100F779AD /* GFRepoItemViewController.swift */ = {isa = PBXFileReference; lastKnownFileType = sourcecode.swift; path = GFRepoItemViewController.swift; sourceTree = "<group>"; };
		CF7FC9B425BA103900F779AD /* GFFollowerItemViewController.swift */ = {isa = PBXFileReference; lastKnownFileType = sourcecode.swift; path = GFFollowerItemViewController.swift; sourceTree = "<group>"; };
		CFB51EFB25B6090400A757EF /* Follower.swift */ = {isa = PBXFileReference; lastKnownFileType = sourcecode.swift; path = Follower.swift; sourceTree = "<group>"; };
		CFB51EFF25B609E400A757EF /* User.swift */ = {isa = PBXFileReference; lastKnownFileType = sourcecode.swift; path = User.swift; sourceTree = "<group>"; };
		CFB51F0325B62C1B00A757EF /* NetworkManager.swift */ = {isa = PBXFileReference; lastKnownFileType = sourcecode.swift; path = NetworkManager.swift; sourceTree = "<group>"; };
		CFB51F0925B63C6800A757EF /* GFError.swift */ = {isa = PBXFileReference; lastKnownFileType = sourcecode.swift; path = GFError.swift; sourceTree = "<group>"; };
		CFB51F0E25B63EEC00A757EF /* FollowerCell.swift */ = {isa = PBXFileReference; lastKnownFileType = sourcecode.swift; path = FollowerCell.swift; sourceTree = "<group>"; };
		CFB51F1125B63F6900A757EF /* GFAvatarImageView.swift */ = {isa = PBXFileReference; lastKnownFileType = sourcecode.swift; path = GFAvatarImageView.swift; sourceTree = "<group>"; };
/* End PBXFileReference section */

/* Begin PBXFrameworksBuildPhase section */
		CF179DBC25B4EE0A00136C49 /* Frameworks */ = {
			isa = PBXFrameworksBuildPhase;
			buildActionMask = 2147483647;
			files = (
			);
			runOnlyForDeploymentPostprocessing = 0;
		};
/* End PBXFrameworksBuildPhase section */

/* Begin PBXGroup section */
		CF179DB625B4EE0A00136C49 = {
			isa = PBXGroup;
			children = (
				CF179DC125B4EE0A00136C49 /* GHFollowers */,
				CF179DC025B4EE0A00136C49 /* Products */,
			);
			sourceTree = "<group>";
		};
		CF179DC025B4EE0A00136C49 /* Products */ = {
			isa = PBXGroup;
			children = (
				CF179DBF25B4EE0A00136C49 /* GHFollowers.app */,
			);
			name = Products;
			sourceTree = "<group>";
		};
		CF179DC125B4EE0A00136C49 /* GHFollowers */ = {
			isa = PBXGroup;
			children = (
				CFB51F0825B63C5600A757EF /* Utilities */,
				CFB51F0225B62C0C00A757EF /* Managers */,
				CFB51EFA25B608A000A757EF /* Model */,
				CFB51EF925B5FFC700A757EF /* Support */,
				CF179DED25B527A400136C49 /* Extensions */,
				CFB51EF525B5FF3A00A757EF /* Custom Views */,
				CF179DE125B4FB1E00136C49 /* Screens */,
				CF179DD025B4EE0C00136C49 /* Info.plist */,
			);
			path = GHFollowers;
			sourceTree = "<group>";
		};
		CF179DE125B4FB1E00136C49 /* Screens */ = {
			isa = PBXGroup;
			children = (
				CF179DDB25B4F48500136C49 /* SearchViewController.swift */,
				CF179DEA25B5234400136C49 /* FollowerListViewController.swift */,
				CF179DDE25B4F4C100136C49 /* FavoritesListViewController.swift */,
				CF6E459025B77269002108B3 /* UserInfoViewController.swift */,
			);
			path = Screens;
			sourceTree = "<group>";
		};
		CF179DED25B527A400136C49 /* Extensions */ = {
			isa = PBXGroup;
			children = (
				CF179DFE25B5345100136C49 /* UIViewController+Ext.swift */,
				CF179DEE25B527D200136C49 /* String+Ext.swift */,
				CF5482BA25BA167D007B9DFF /* Date+Ext.swift */,
			);
			path = Extensions;
			sourceTree = "<group>";
		};
		CF6E458625B767AF002108B3 /* Views */ = {
			isa = PBXGroup;
			children = (
				CF179DFA25B52F2000136C49 /* GFAlertContainerView.swift */,
				CF6E458B25B76805002108B3 /* GFEmptyStateView.swift */,
				CF7FC9A825B8E71B00F779AD /* GFItemInfoView.swift */,
			);
			path = Views;
			sourceTree = "<group>";
		};
		CF6E458725B767B6002108B3 /* Buttons */ = {
			isa = PBXGroup;
			children = (
				CF179DE225B4FEEF00136C49 /* GFButton.swift */,
			);
			path = Buttons;
			sourceTree = "<group>";
		};
		CF6E458825B767BA002108B3 /* TextFields */ = {
			isa = PBXGroup;
			children = (
				CF179DE725B5169E00136C49 /* GFTextField.swift */,
			);
			path = TextFields;
			sourceTree = "<group>";
		};
		CF6E458925B767C5002108B3 /* ImageViews */ = {
			isa = PBXGroup;
			children = (
				CFB51F1125B63F6900A757EF /* GFAvatarImageView.swift */,
			);
			path = ImageViews;
			sourceTree = "<group>";
		};
		CF6E458A25B767DD002108B3 /* Labels */ = {
			isa = PBXGroup;
			children = (
				CF179DF125B5299800136C49 /* GFTitleLabel.swift */,
				CF7FC9A125B8C98400F779AD /* GFSecondaryTitleLabel.swift */,
				CF179DF425B52B3500136C49 /* GFBodyLabel.swift */,
			);
			path = Labels;
			sourceTree = "<group>";
		};
		CF7FC9B725BA108400F779AD /* ItemInfoVCs */ = {
			isa = PBXGroup;
			children = (
				CF7FC9AE25BA0B4400F779AD /* GFItemInfoViewController.swift */,
				CF7FC9B125BA0E0100F779AD /* GFRepoItemViewController.swift */,
				CF7FC9B425BA103900F779AD /* GFFollowerItemViewController.swift */,
			);
			path = ItemInfoVCs;
			sourceTree = "<group>";
		};
		CFB51EF525B5FF3A00A757EF /* Custom Views */ = {
			isa = PBXGroup;
			children = (
				CF6E458A25B767DD002108B3 /* Labels */,
				CF6E458925B767C5002108B3 /* ImageViews */,
				CF6E458825B767BA002108B3 /* TextFields */,
				CF6E458725B767B6002108B3 /* Buttons */,
				CF6E458625B767AF002108B3 /* Views */,
				CFB51F0D25B63ED100A757EF /* Cells */,
				CFB51EF825B5FFA700A757EF /* View Controllers */,
			);
			path = "Custom Views";
			sourceTree = "<group>";
		};
		CFB51EF825B5FFA700A757EF /* View Controllers */ = {
			isa = PBXGroup;
			children = (
				CF7FC9B725BA108400F779AD /* ItemInfoVCs */,
				CF179DF725B52BFF00136C49 /* GFAlertViewController.swift */,
				CF7FC99E25B8C93900F779AD /* GFUserInfoHeaderViewController.swift */,
			);
			path = "View Controllers";
			sourceTree = "<group>";
		};
		CFB51EF925B5FFC700A757EF /* Support */ = {
			isa = PBXGroup;
			children = (
				CF179DC225B4EE0A00136C49 /* AppDelegate.swift */,
				CF179DC425B4EE0A00136C49 /* SceneDelegate.swift */,
				CF179DCB25B4EE0C00136C49 /* Assets.xcassets */,
				CF179DCD25B4EE0C00136C49 /* LaunchScreen.storyboard */,
			);
			path = Support;
			sourceTree = "<group>";
		};
		CFB51EFA25B608A000A757EF /* Model */ = {
			isa = PBXGroup;
			children = (
				CFB51EFB25B6090400A757EF /* Follower.swift */,
				CFB51EFF25B609E400A757EF /* User.swift */,
			);
			path = Model;
			sourceTree = "<group>";
		};
		CFB51F0225B62C0C00A757EF /* Managers */ = {
			isa = PBXGroup;
			children = (
				CFB51F0325B62C1B00A757EF /* NetworkManager.swift */,
				CF5482BD25BB9E62007B9DFF /* PersistenceManager.swift */,
			);
			path = Managers;
			sourceTree = "<group>";
		};
		CFB51F0825B63C5600A757EF /* Utilities */ = {
			isa = PBXGroup;
			children = (
				CFB51F0925B63C6800A757EF /* GFError.swift */,
				CF6E458325B686DA002108B3 /* UIHelper.swift */,
				CF7FC9A425B8D42300F779AD /* Constants.swift */,
				CF7FC9AB25B8EB7C00F779AD /* AutolayoutWrapper.swift */,
			);
			path = Utilities;
			sourceTree = "<group>";
		};
		CFB51F0D25B63ED100A757EF /* Cells */ = {
			isa = PBXGroup;
			children = (
				CFB51F0E25B63EEC00A757EF /* FollowerCell.swift */,
				CF5482C025BBA80D007B9DFF /* FavoriteCell.swift */,
			);
			path = Cells;
			sourceTree = "<group>";
		};
/* End PBXGroup section */

/* Begin PBXNativeTarget section */
		CF179DBE25B4EE0A00136C49 /* GHFollowers */ = {
			isa = PBXNativeTarget;
			buildConfigurationList = CF179DD325B4EE0C00136C49 /* Build configuration list for PBXNativeTarget "GHFollowers" */;
			buildPhases = (
				CF179DBB25B4EE0A00136C49 /* Sources */,
				CF179DBC25B4EE0A00136C49 /* Frameworks */,
				CF179DBD25B4EE0A00136C49 /* Resources */,
			);
			buildRules = (
			);
			dependencies = (
			);
			name = GHFollowers;
			productName = GHFollowers;
			productReference = CF179DBF25B4EE0A00136C49 /* GHFollowers.app */;
			productType = "com.apple.product-type.application";
		};
/* End PBXNativeTarget section */

/* Begin PBXProject section */
		CF179DB725B4EE0A00136C49 /* Project object */ = {
			isa = PBXProject;
			attributes = {
				LastSwiftUpdateCheck = 1230;
				LastUpgradeCheck = 1230;
				TargetAttributes = {
					CF179DBE25B4EE0A00136C49 = {
						CreatedOnToolsVersion = 12.3;
					};
				};
			};
			buildConfigurationList = CF179DBA25B4EE0A00136C49 /* Build configuration list for PBXProject "GHFollowers" */;
			compatibilityVersion = "Xcode 9.3";
			developmentRegion = en;
			hasScannedForEncodings = 0;
			knownRegions = (
				en,
				Base,
			);
			mainGroup = CF179DB625B4EE0A00136C49;
			productRefGroup = CF179DC025B4EE0A00136C49 /* Products */;
			projectDirPath = "";
			projectRoot = "";
			targets = (
				CF179DBE25B4EE0A00136C49 /* GHFollowers */,
			);
		};
/* End PBXProject section */

/* Begin PBXResourcesBuildPhase section */
		CF179DBD25B4EE0A00136C49 /* Resources */ = {
			isa = PBXResourcesBuildPhase;
			buildActionMask = 2147483647;
			files = (
				CF179DCF25B4EE0C00136C49 /* LaunchScreen.storyboard in Resources */,
				CF179DCC25B4EE0C00136C49 /* Assets.xcassets in Resources */,
			);
			runOnlyForDeploymentPostprocessing = 0;
		};
/* End PBXResourcesBuildPhase section */

/* Begin PBXSourcesBuildPhase section */
		CF179DBB25B4EE0A00136C49 /* Sources */ = {
			isa = PBXSourcesBuildPhase;
			buildActionMask = 2147483647;
			files = (
				CF7FC9A525B8D42300F779AD /* Constants.swift in Sources */,
				CF179DE825B5169E00136C49 /* GFTextField.swift in Sources */,
				CF5482BB25BA167D007B9DFF /* Date+Ext.swift in Sources */,
				CFB51F0A25B63C6800A757EF /* GFError.swift in Sources */,
				CFB51F1225B63F6900A757EF /* GFAvatarImageView.swift in Sources */,
				CF6E458425B686DA002108B3 /* UIHelper.swift in Sources */,
				CFB51EFC25B6090400A757EF /* Follower.swift in Sources */,
				CF6E459125B77269002108B3 /* UserInfoViewController.swift in Sources */,
				CF179DFF25B5345100136C49 /* UIViewController+Ext.swift in Sources */,
				CF7FC9B225BA0E0100F779AD /* GFRepoItemViewController.swift in Sources */,
				CF7FC9AF25BA0B4400F779AD /* GFItemInfoViewController.swift in Sources */,
				CF7FC9A925B8E71B00F779AD /* GFItemInfoView.swift in Sources */,
				CF179DDC25B4F48500136C49 /* SearchViewController.swift in Sources */,
				CF7FC9B525BA103900F779AD /* GFFollowerItemViewController.swift in Sources */,
				CFB51F0425B62C1B00A757EF /* NetworkManager.swift in Sources */,
				CF179DE325B4FEEF00136C49 /* GFButton.swift in Sources */,
				CF179DEB25B5234400136C49 /* FollowerListViewController.swift in Sources */,
				CF179DFB25B52F2000136C49 /* GFAlertContainerView.swift in Sources */,
				CF7FC9AC25B8EB7C00F779AD /* AutolayoutWrapper.swift in Sources */,
				CF5482BE25BB9E62007B9DFF /* PersistenceManager.swift in Sources */,
				CF179DC325B4EE0A00136C49 /* AppDelegate.swift in Sources */,
				CF7FC9A225B8C98400F779AD /* GFSecondaryTitleLabel.swift in Sources */,
				CFB51F0025B609E400A757EF /* User.swift in Sources */,
				CFB51F0F25B63EEC00A757EF /* FollowerCell.swift in Sources */,
				CF179DF825B52BFF00136C49 /* GFAlertViewController.swift in Sources */,
				CF179DDF25B4F4C100136C49 /* FavoritesListViewController.swift in Sources */,
				CF6E458C25B76805002108B3 /* GFEmptyStateView.swift in Sources */,
				CF5482C125BBA80D007B9DFF /* FavoriteCell.swift in Sources */,
				CF179DF225B5299800136C49 /* GFTitleLabel.swift in Sources */,
				CF179DEF25B527D200136C49 /* String+Ext.swift in Sources */,
				CF179DC525B4EE0A00136C49 /* SceneDelegate.swift in Sources */,
				CF179DF525B52B3500136C49 /* GFBodyLabel.swift in Sources */,
				CF7FC99F25B8C93900F779AD /* GFUserInfoHeaderViewController.swift in Sources */,
			);
			runOnlyForDeploymentPostprocessing = 0;
		};
/* End PBXSourcesBuildPhase section */

/* Begin PBXVariantGroup section */
		CF179DCD25B4EE0C00136C49 /* LaunchScreen.storyboard */ = {
			isa = PBXVariantGroup;
			children = (
				CF179DCE25B4EE0C00136C49 /* Base */,
			);
			name = LaunchScreen.storyboard;
			sourceTree = "<group>";
		};
/* End PBXVariantGroup section */

/* Begin XCBuildConfiguration section */
		CF179DD125B4EE0C00136C49 /* Debug */ = {
			isa = XCBuildConfiguration;
			buildSettings = {
				ALWAYS_SEARCH_USER_PATHS = NO;
				CLANG_ANALYZER_NONNULL = YES;
				CLANG_ANALYZER_NUMBER_OBJECT_CONVERSION = YES_AGGRESSIVE;
				CLANG_CXX_LANGUAGE_STANDARD = "gnu++14";
				CLANG_CXX_LIBRARY = "libc++";
				CLANG_ENABLE_MODULES = YES;
				CLANG_ENABLE_OBJC_ARC = YES;
				CLANG_ENABLE_OBJC_WEAK = YES;
				CLANG_WARN_BLOCK_CAPTURE_AUTORELEASING = YES;
				CLANG_WARN_BOOL_CONVERSION = YES;
				CLANG_WARN_COMMA = YES;
				CLANG_WARN_CONSTANT_CONVERSION = YES;
				CLANG_WARN_DEPRECATED_OBJC_IMPLEMENTATIONS = YES;
				CLANG_WARN_DIRECT_OBJC_ISA_USAGE = YES_ERROR;
				CLANG_WARN_DOCUMENTATION_COMMENTS = YES;
				CLANG_WARN_EMPTY_BODY = YES;
				CLANG_WARN_ENUM_CONVERSION = YES;
				CLANG_WARN_INFINITE_RECURSION = YES;
				CLANG_WARN_INT_CONVERSION = YES;
				CLANG_WARN_NON_LITERAL_NULL_CONVERSION = YES;
				CLANG_WARN_OBJC_IMPLICIT_RETAIN_SELF = YES;
				CLANG_WARN_OBJC_LITERAL_CONVERSION = YES;
				CLANG_WARN_OBJC_ROOT_CLASS = YES_ERROR;
				CLANG_WARN_QUOTED_INCLUDE_IN_FRAMEWORK_HEADER = YES;
				CLANG_WARN_RANGE_LOOP_ANALYSIS = YES;
				CLANG_WARN_STRICT_PROTOTYPES = YES;
				CLANG_WARN_SUSPICIOUS_MOVE = YES;
				CLANG_WARN_UNGUARDED_AVAILABILITY = YES_AGGRESSIVE;
				CLANG_WARN_UNREACHABLE_CODE = YES;
				CLANG_WARN__DUPLICATE_METHOD_MATCH = YES;
				COPY_PHASE_STRIP = NO;
				DEBUG_INFORMATION_FORMAT = dwarf;
				ENABLE_STRICT_OBJC_MSGSEND = YES;
				ENABLE_TESTABILITY = YES;
				GCC_C_LANGUAGE_STANDARD = gnu11;
				GCC_DYNAMIC_NO_PIC = NO;
				GCC_NO_COMMON_BLOCKS = YES;
				GCC_OPTIMIZATION_LEVEL = 0;
				GCC_PREPROCESSOR_DEFINITIONS = (
					"DEBUG=1",
					"$(inherited)",
				);
				GCC_WARN_64_TO_32_BIT_CONVERSION = YES;
				GCC_WARN_ABOUT_RETURN_TYPE = YES_ERROR;
				GCC_WARN_UNDECLARED_SELECTOR = YES;
				GCC_WARN_UNINITIALIZED_AUTOS = YES_AGGRESSIVE;
				GCC_WARN_UNUSED_FUNCTION = YES;
				GCC_WARN_UNUSED_VARIABLE = YES;
				IPHONEOS_DEPLOYMENT_TARGET = 14.3;
				MTL_ENABLE_DEBUG_INFO = INCLUDE_SOURCE;
				MTL_FAST_MATH = YES;
				ONLY_ACTIVE_ARCH = YES;
				SDKROOT = iphoneos;
				SWIFT_ACTIVE_COMPILATION_CONDITIONS = DEBUG;
				SWIFT_OPTIMIZATION_LEVEL = "-Onone";
			};
			name = Debug;
		};
		CF179DD225B4EE0C00136C49 /* Release */ = {
			isa = XCBuildConfiguration;
			buildSettings = {
				ALWAYS_SEARCH_USER_PATHS = NO;
				CLANG_ANALYZER_NONNULL = YES;
				CLANG_ANALYZER_NUMBER_OBJECT_CONVERSION = YES_AGGRESSIVE;
				CLANG_CXX_LANGUAGE_STANDARD = "gnu++14";
				CLANG_CXX_LIBRARY = "libc++";
				CLANG_ENABLE_MODULES = YES;
				CLANG_ENABLE_OBJC_ARC = YES;
				CLANG_ENABLE_OBJC_WEAK = YES;
				CLANG_WARN_BLOCK_CAPTURE_AUTORELEASING = YES;
				CLANG_WARN_BOOL_CONVERSION = YES;
				CLANG_WARN_COMMA = YES;
				CLANG_WARN_CONSTANT_CONVERSION = YES;
				CLANG_WARN_DEPRECATED_OBJC_IMPLEMENTATIONS = YES;
				CLANG_WARN_DIRECT_OBJC_ISA_USAGE = YES_ERROR;
				CLANG_WARN_DOCUMENTATION_COMMENTS = YES;
				CLANG_WARN_EMPTY_BODY = YES;
				CLANG_WARN_ENUM_CONVERSION = YES;
				CLANG_WARN_INFINITE_RECURSION = YES;
				CLANG_WARN_INT_CONVERSION = YES;
				CLANG_WARN_NON_LITERAL_NULL_CONVERSION = YES;
				CLANG_WARN_OBJC_IMPLICIT_RETAIN_SELF = YES;
				CLANG_WARN_OBJC_LITERAL_CONVERSION = YES;
				CLANG_WARN_OBJC_ROOT_CLASS = YES_ERROR;
				CLANG_WARN_QUOTED_INCLUDE_IN_FRAMEWORK_HEADER = YES;
				CLANG_WARN_RANGE_LOOP_ANALYSIS = YES;
				CLANG_WARN_STRICT_PROTOTYPES = YES;
				CLANG_WARN_SUSPICIOUS_MOVE = YES;
				CLANG_WARN_UNGUARDED_AVAILABILITY = YES_AGGRESSIVE;
				CLANG_WARN_UNREACHABLE_CODE = YES;
				CLANG_WARN__DUPLICATE_METHOD_MATCH = YES;
				COPY_PHASE_STRIP = NO;
				DEBUG_INFORMATION_FORMAT = "dwarf-with-dsym";
				ENABLE_NS_ASSERTIONS = NO;
				ENABLE_STRICT_OBJC_MSGSEND = YES;
				GCC_C_LANGUAGE_STANDARD = gnu11;
				GCC_NO_COMMON_BLOCKS = YES;
				GCC_WARN_64_TO_32_BIT_CONVERSION = YES;
				GCC_WARN_ABOUT_RETURN_TYPE = YES_ERROR;
				GCC_WARN_UNDECLARED_SELECTOR = YES;
				GCC_WARN_UNINITIALIZED_AUTOS = YES_AGGRESSIVE;
				GCC_WARN_UNUSED_FUNCTION = YES;
				GCC_WARN_UNUSED_VARIABLE = YES;
				IPHONEOS_DEPLOYMENT_TARGET = 14.3;
				MTL_ENABLE_DEBUG_INFO = NO;
				MTL_FAST_MATH = YES;
				SDKROOT = iphoneos;
				SWIFT_COMPILATION_MODE = wholemodule;
				SWIFT_OPTIMIZATION_LEVEL = "-O";
				VALIDATE_PRODUCT = YES;
			};
			name = Release;
		};
		CF179DD425B4EE0C00136C49 /* Debug */ = {
			isa = XCBuildConfiguration;
			buildSettings = {
				ASSETCATALOG_COMPILER_APPICON_NAME = AppIcon;
				ASSETCATALOG_COMPILER_GLOBAL_ACCENT_COLOR_NAME = AccentColor;
				CODE_SIGN_STYLE = Automatic;
				DEVELOPMENT_TEAM = VMTSCVT295;
				INFOPLIST_FILE = GHFollowers/Info.plist;
				IPHONEOS_DEPLOYMENT_TARGET = 13.2;
				LD_RUNPATH_SEARCH_PATHS = (
					"$(inherited)",
					"@executable_path/Frameworks",
				);
				PRODUCT_BUNDLE_IDENTIFIER = com.jacksonchui.GHFollowers;
				PRODUCT_NAME = "$(TARGET_NAME)";
				SWIFT_VERSION = 5.0;
				TARGETED_DEVICE_FAMILY = "1,2";
			};
			name = Debug;
		};
		CF179DD525B4EE0C00136C49 /* Release */ = {
			isa = XCBuildConfiguration;
			buildSettings = {
				ASSETCATALOG_COMPILER_APPICON_NAME = AppIcon;
				ASSETCATALOG_COMPILER_GLOBAL_ACCENT_COLOR_NAME = AccentColor;
				CODE_SIGN_STYLE = Automatic;
				DEVELOPMENT_TEAM = VMTSCVT295;
				INFOPLIST_FILE = GHFollowers/Info.plist;
				IPHONEOS_DEPLOYMENT_TARGET = 13.2;
				LD_RUNPATH_SEARCH_PATHS = (
					"$(inherited)",
					"@executable_path/Frameworks",
				);
				PRODUCT_BUNDLE_IDENTIFIER = com.jacksonchui.GHFollowers;
				PRODUCT_NAME = "$(TARGET_NAME)";
				SWIFT_VERSION = 5.0;
				TARGETED_DEVICE_FAMILY = "1,2";
			};
			name = Release;
		};
/* End XCBuildConfiguration section */

/* Begin XCConfigurationList section */
		CF179DBA25B4EE0A00136C49 /* Build configuration list for PBXProject "GHFollowers" */ = {
			isa = XCConfigurationList;
			buildConfigurations = (
				CF179DD125B4EE0C00136C49 /* Debug */,
				CF179DD225B4EE0C00136C49 /* Release */,
			);
			defaultConfigurationIsVisible = 0;
			defaultConfigurationName = Release;
		};
		CF179DD325B4EE0C00136C49 /* Build configuration list for PBXNativeTarget "GHFollowers" */ = {
			isa = XCConfigurationList;
			buildConfigurations = (
				CF179DD425B4EE0C00136C49 /* Debug */,
				CF179DD525B4EE0C00136C49 /* Release */,
			);
			defaultConfigurationIsVisible = 0;
			defaultConfigurationName = Release;
		};
/* End XCConfigurationList section */
	};
	rootObject = CF179DB725B4EE0A00136C49 /* Project object */;
}
